
Microsoft Visual Studio Solution File, Format Version 12.00
# Visual Studio 15
VisualStudioVersion = 15.0.27703.2035
MinimumVisualStudioVersion = 10.0.40219.1
Project("{9A19103F-16F7-4668-BE54-9A1E7A4F7556}") = "Airport.DAL", "Airport.DAL\Airport.DAL.csproj", "{5D4139A0-F8DA-4F0A-97D0-B77F790E3333}"
EndProject
Project("{9A19103F-16F7-4668-BE54-9A1E7A4F7556}") = "Airport.API", "Airport.API\Airport.API.csproj", "{8C11B0D4-96AB-427C-9727-2827D9460666}"
EndProject
Project("{9A19103F-16F7-4668-BE54-9A1E7A4F7556}") = "Airport.BL", "Airport.BL\Airport.BL.csproj", "{2F897212-50DC-4705-ADBE-79E8428BFFB1}"
EndProject
Project("{FAE04EC0-301F-11D3-BF4B-00C04F79EFBC}") = "Airport.DAL.IntegrationTests", "Airport.DAL.Tests\Airport.DAL.IntegrationTests.csproj", "{557A0944-71F9-4751-B7C6-744CE1362E38}"
EndProject
Project("{FAE04EC0-301F-11D3-BF4B-00C04F79EFBC}") = "Airport.API.Tests", "Airport.API.Tests\Airport.API.Tests.csproj", "{955B9431-9471-48A2-8866-0A5413C502F5}"
EndProject
Project("{FAE04EC0-301F-11D3-BF4B-00C04F79EFBC}") = "Airport.API.FunctionalTests", "Airport.API.Functional\Airport.API.FunctionalTests.csproj", "{8179CB8A-8A8A-4FD9-9EE6-D565A6FA28D0}"
EndProject
Project("{FAE04EC0-301F-11D3-BF4B-00C04F79EFBC}") = "Airport.BL.Tests", "Airport.BL.Tests\Airport.BL.Tests.csproj", "{9AFB9355-9DEB-4FA2-A74C-733603FF0CD1}"
EndProject
Global
	GlobalSection(SolutionConfigurationPlatforms) = preSolution
		Debug|Any CPU = Debug|Any CPU
		Release|Any CPU = Release|Any CPU
	EndGlobalSection
	GlobalSection(ProjectConfigurationPlatforms) = postSolution
		{5D4139A0-F8DA-4F0A-97D0-B77F790E3333}.Debug|Any CPU.ActiveCfg = Debug|Any CPU
		{5D4139A0-F8DA-4F0A-97D0-B77F790E3333}.Debug|Any CPU.Build.0 = Debug|Any CPU
		{5D4139A0-F8DA-4F0A-97D0-B77F790E3333}.Release|Any CPU.ActiveCfg = Release|Any CPU
		{5D4139A0-F8DA-4F0A-97D0-B77F790E3333}.Release|Any CPU.Build.0 = Release|Any CPU
		{8C11B0D4-96AB-427C-9727-2827D9460666}.Debug|Any CPU.ActiveCfg = Debug|Any CPU
		{8C11B0D4-96AB-427C-9727-2827D9460666}.Debug|Any CPU.Build.0 = Debug|Any CPU
		{8C11B0D4-96AB-427C-9727-2827D9460666}.Release|Any CPU.ActiveCfg = Release|Any CPU
		{8C11B0D4-96AB-427C-9727-2827D9460666}.Release|Any CPU.Build.0 = Release|Any CPU
		{2F897212-50DC-4705-ADBE-79E8428BFFB1}.Debug|Any CPU.ActiveCfg = Debug|Any CPU
		{2F897212-50DC-4705-ADBE-79E8428BFFB1}.Debug|Any CPU.Build.0 = Debug|Any CPU
		{2F897212-50DC-4705-ADBE-79E8428BFFB1}.Release|Any CPU.ActiveCfg = Release|Any CPU
		{2F897212-50DC-4705-ADBE-79E8428BFFB1}.Release|Any CPU.Build.0 = Release|Any CPU
		{557A0944-71F9-4751-B7C6-744CE1362E38}.Debug|Any CPU.ActiveCfg = Debug|Any CPU
		{557A0944-71F9-4751-B7C6-744CE1362E38}.Debug|Any CPU.Build.0 = Debug|Any CPU
		{557A0944-71F9-4751-B7C6-744CE1362E38}.Release|Any CPU.ActiveCfg = Release|Any CPU
		{557A0944-71F9-4751-B7C6-744CE1362E38}.Release|Any CPU.Build.0 = Release|Any CPU
		{955B9431-9471-48A2-8866-0A5413C502F5}.Debug|Any CPU.ActiveCfg = Debug|Any CPU
		{955B9431-9471-48A2-8866-0A5413C502F5}.Debug|Any CPU.Build.0 = Debug|Any CPU
		{955B9431-9471-48A2-8866-0A5413C502F5}.Release|Any CPU.ActiveCfg = Release|Any CPU
		{955B9431-9471-48A2-8866-0A5413C502F5}.Release|Any CPU.Build.0 = Release|Any CPU
		{8179CB8A-8A8A-4FD9-9EE6-D565A6FA28D0}.Debug|Any CPU.ActiveCfg = Debug|Any CPU
		{8179CB8A-8A8A-4FD9-9EE6-D565A6FA28D0}.Debug|Any CPU.Build.0 = Debug|Any CPU
		{8179CB8A-8A8A-4FD9-9EE6-D565A6FA28D0}.Release|Any CPU.ActiveCfg = Release|Any CPU
		{8179CB8A-8A8A-4FD9-9EE6-D565A6FA28D0}.Release|Any CPU.Build.0 = Release|Any CPU
		{9AFB9355-9DEB-4FA2-A74C-733603FF0CD1}.Debug|Any CPU.ActiveCfg = Debug|Any CPU
		{9AFB9355-9DEB-4FA2-A74C-733603FF0CD1}.Debug|Any CPU.Build.0 = Debug|Any CPU
		{9AFB9355-9DEB-4FA2-A74C-733603FF0CD1}.Release|Any CPU.ActiveCfg = Release|Any CPU
		{9AFB9355-9DEB-4FA2-A74C-733603FF0CD1}.Release|Any CPU.Build.0 = Release|Any CPU
	EndGlobalSection
	GlobalSection(SolutionProperties) = preSolution
		HideSolutionNode = FALSE
	EndGlobalSection
	GlobalSection(ExtensibilityGlobals) = postSolution
		SolutionGuid = {A557D911-8149-442D-A4AE-5DC0C7FF2A70}
	EndGlobalSection
EndGlobal
